
Microsoft Visual Studio Solution File, Format Version 12.00
# Visual Studio Version 17
VisualStudioVersion = 17.1.32228.430
MinimumVisualStudioVersion = 10.0.40219.1
Project("{FAE04EC0-301F-11D3-BF4B-00C04F79EFBC}") = "Task5", "Task5\Task5.csproj", "{7B481682-73EC-40C4-86BA-6EE8BE773365}"
EndProject
Global
	GlobalSection(SolutionConfigurationPlatforms) = preSolution
		Debug|Any CPU = Debug|Any CPU
		Release|Any CPU = Release|Any CPU
	EndGlobalSection
	GlobalSection(ProjectConfigurationPlatforms) = postSolution
		{7B481682-73EC-40C4-86BA-6EE8BE773365}.Debug|Any CPU.ActiveCfg = Debug|Any CPU
		{7B481682-73EC-40C4-86BA-6EE8BE773365}.Debug|Any CPU.Build.0 = Debug|Any CPU
		{7B481682-73EC-40C4-86BA-6EE8BE773365}.Release|Any CPU.ActiveCfg = Release|Any CPU
		{7B481682-73EC-40C4-86BA-6EE8BE773365}.Release|Any CPU.Build.0 = Release|Any CPU
	EndGlobalSection
	GlobalSection(SolutionProperties) = preSolution
		HideSolutionNode = FALSE
	EndGlobalSection
	GlobalSection(ExtensibilityGlobals) = postSolution
		SolutionGuid = {6F9A7D4D-ECA9-4876-B1B2-FF60E4CCEAF1}
	EndGlobalSection
EndGlobal
